
Microsoft Visual Studio Solution File, Format Version 12.00
# Visual Studio 14
VisualStudioVersion = 14.0.23107.0
MinimumVisualStudioVersion = 10.0.40219.1
Project("{FAE04EC0-301F-11D3-BF4B-00C04F79EFBC}") = "EBuy", "EBuy\EBuy.csproj", "{31CFC5E4-F9F8-429D-9B4F-6E9BB471474C}"
EndProject
Project("{FAE04EC0-301F-11D3-BF4B-00C04F79EFBC}") = "EBuy.Tests", "EBuy.Tests\EBuy.Tests.csproj", "{7E8EBBA3-AEEF-4CD2-915A-954C0F60EDCB}"
EndProject
Project("{FAE04EC0-301F-11D3-BF4B-00C04F79EFBC}") = "EBuy.Api", "EBuy.Api\EBuy.Api.csproj", "{695B8E8F-9931-4DDE-89C2-F7A21B75DB9C}"
EndProject
Project("{FAE04EC0-301F-11D3-BF4B-00C04F79EFBC}") = "EBuy.Model", "EBuy.Model\EBuy.Model.csproj", "{80C7FCB8-9E6C-4EEB-B3A2-86579FF7D960}"
EndProject
Project("{2150E333-8FDC-42A3-9474-1A3956D46DE8}") = "ASPNET MVC INFO", "ASPNET MVC INFO", "{838D6EF6-B318-4CD6-85BE-89FC4B38211A}"
	ProjectSection(SolutionItems) = preProject
		ASPNET MVC INFO\Web application logical architecture ASPNET MVC.odt = ASPNET MVC INFO\Web application logical architecture ASPNET MVC.odt
		ASPNET MVC INFO\Web application logical architecture AspNet MVC.png = ASPNET MVC INFO\Web application logical architecture AspNet MVC.png
	EndProjectSection
EndProject
Global
	GlobalSection(SolutionConfigurationPlatforms) = preSolution
		Debug|Any CPU = Debug|Any CPU
		Release|Any CPU = Release|Any CPU
	EndGlobalSection
	GlobalSection(ProjectConfigurationPlatforms) = postSolution
		{31CFC5E4-F9F8-429D-9B4F-6E9BB471474C}.Debug|Any CPU.ActiveCfg = Debug|Any CPU
		{31CFC5E4-F9F8-429D-9B4F-6E9BB471474C}.Debug|Any CPU.Build.0 = Debug|Any CPU
		{31CFC5E4-F9F8-429D-9B4F-6E9BB471474C}.Release|Any CPU.ActiveCfg = Release|Any CPU
		{31CFC5E4-F9F8-429D-9B4F-6E9BB471474C}.Release|Any CPU.Build.0 = Release|Any CPU
		{7E8EBBA3-AEEF-4CD2-915A-954C0F60EDCB}.Debug|Any CPU.ActiveCfg = Debug|Any CPU
		{7E8EBBA3-AEEF-4CD2-915A-954C0F60EDCB}.Debug|Any CPU.Build.0 = Debug|Any CPU
		{7E8EBBA3-AEEF-4CD2-915A-954C0F60EDCB}.Release|Any CPU.ActiveCfg = Release|Any CPU
		{7E8EBBA3-AEEF-4CD2-915A-954C0F60EDCB}.Release|Any CPU.Build.0 = Release|Any CPU
		{695B8E8F-9931-4DDE-89C2-F7A21B75DB9C}.Debug|Any CPU.ActiveCfg = Debug|Any CPU
		{695B8E8F-9931-4DDE-89C2-F7A21B75DB9C}.Debug|Any CPU.Build.0 = Debug|Any CPU
		{695B8E8F-9931-4DDE-89C2-F7A21B75DB9C}.Release|Any CPU.ActiveCfg = Release|Any CPU
		{695B8E8F-9931-4DDE-89C2-F7A21B75DB9C}.Release|Any CPU.Build.0 = Release|Any CPU
		{80C7FCB8-9E6C-4EEB-B3A2-86579FF7D960}.Debug|Any CPU.ActiveCfg = Debug|Any CPU
		{80C7FCB8-9E6C-4EEB-B3A2-86579FF7D960}.Debug|Any CPU.Build.0 = Debug|Any CPU
		{80C7FCB8-9E6C-4EEB-B3A2-86579FF7D960}.Release|Any CPU.ActiveCfg = Release|Any CPU
		{80C7FCB8-9E6C-4EEB-B3A2-86579FF7D960}.Release|Any CPU.Build.0 = Release|Any CPU
	EndGlobalSection
	GlobalSection(SolutionProperties) = preSolution
		HideSolutionNode = FALSE
	EndGlobalSection
EndGlobal
